
Microsoft Visual Studio Solution File, Format Version 12.00
# Visual Studio Version 16
VisualStudioVersion = 16.0.28803.202
MinimumVisualStudioVersion = 10.0.40219.1
Project("{9A19103F-16F7-4668-BE54-9A1E7A4F7556}") = "BDA.MVC", "MVC\BDA.MVC.csproj", "{49E65103-3495-423B-A350-622B8F9DFAAA}"
EndProject
Project("{2150E333-8FDC-42A3-9474-1A3956D46DE8}") = "DAL", "DAL", "{2C83EBBE-72BC-4D91-AC21-5B2054DB965B}"
EndProject
Project("{2150E333-8FDC-42A3-9474-1A3956D46DE8}") = "BAL", "BAL", "{DFE62748-DE24-4255-931E-1AACA61C4271}"
EndProject
Project("{2150E333-8FDC-42A3-9474-1A3956D46DE8}") = "Shared", "Shared", "{5B87F48C-3E9C-4915-89BE-977C64FAC13B}"
EndProject
Project("{2150E333-8FDC-42A3-9474-1A3956D46DE8}") = "UI", "UI", "{0CE793D9-A8DA-4C4A-9CC3-E3F9A6D0977F}"
EndProject
Project("{2150E333-8FDC-42A3-9474-1A3956D46DE8}") = "DB", "DB", "{69A14B14-E35B-4520-8532-5946716D2C10}"
EndProject
Project("{00D1A9C2-B5F0-4AF3-8072-F6C62B433612}") = "BDA.DB.BankDeposits", "BankDepositsDB\BDA.DB.BankDeposits.sqlproj", "{2448BC22-A90C-4AE2-8937-EE103C729D30}"
EndProject
Project("{FAE04EC0-301F-11D3-BF4B-00C04F79EFBC}") = "BDA.DAL.Dtos", "BDA.Dtos\BDA.DAL.Dtos.csproj", "{E2CBCDB3-057F-4E33-AB61-06DE3DC9AD6B}"
EndProject
Project("{FAE04EC0-301F-11D3-BF4B-00C04F79EFBC}") = "BDA.DAL.Interfaces", "BDA.Interfaces\BDA.DAL.Interfaces.csproj", "{E2A762BF-C553-4A6F-976C-00DAC114C7AD}"
EndProject
Project("{FAE04EC0-301F-11D3-BF4B-00C04F79EFBC}") = "BDA.DAL.Repositories", "BDA.DAL.Repositories\BDA.DAL.Repositories.csproj", "{656FA912-1294-4CDC-B168-DFDEE8BBC4A2}"
EndProject
Project("{FAE04EC0-301F-11D3-BF4B-00C04F79EFBC}") = "BDA.BAL.Models", "BDA.BAL.Models\BDA.BAL.Models.csproj", "{02FF7FE8-9CFB-4033-ABEF-63D525367C90}"
EndProject
Project("{FAE04EC0-301F-11D3-BF4B-00C04F79EFBC}") = "BDA.BAL.Interfaces", "BDA.BAL.Interfaces\BDA.BAL.Interfaces.csproj", "{2F8DF2C5-715A-4E2A-990C-365B2A200109}"
EndProject
Project("{FAE04EC0-301F-11D3-BF4B-00C04F79EFBC}") = "BDA.BAL.Services", "BDA.BAL.Services\BDA.BAL.Services.csproj", "{8ACD643E-D2F5-4F32-A636-661F32B7C372}"
EndProject
Global
	GlobalSection(SolutionConfigurationPlatforms) = preSolution
		Debug|Any CPU = Debug|Any CPU
		Release|Any CPU = Release|Any CPU
	EndGlobalSection
	GlobalSection(ProjectConfigurationPlatforms) = postSolution
		{49E65103-3495-423B-A350-622B8F9DFAAA}.Debug|Any CPU.ActiveCfg = Debug|Any CPU
		{49E65103-3495-423B-A350-622B8F9DFAAA}.Debug|Any CPU.Build.0 = Debug|Any CPU
		{49E65103-3495-423B-A350-622B8F9DFAAA}.Release|Any CPU.ActiveCfg = Release|Any CPU
		{49E65103-3495-423B-A350-622B8F9DFAAA}.Release|Any CPU.Build.0 = Release|Any CPU
		{2448BC22-A90C-4AE2-8937-EE103C729D30}.Debug|Any CPU.ActiveCfg = Debug|Any CPU
		{2448BC22-A90C-4AE2-8937-EE103C729D30}.Debug|Any CPU.Build.0 = Debug|Any CPU
		{2448BC22-A90C-4AE2-8937-EE103C729D30}.Debug|Any CPU.Deploy.0 = Debug|Any CPU
		{2448BC22-A90C-4AE2-8937-EE103C729D30}.Release|Any CPU.ActiveCfg = Release|Any CPU
		{2448BC22-A90C-4AE2-8937-EE103C729D30}.Release|Any CPU.Build.0 = Release|Any CPU
		{2448BC22-A90C-4AE2-8937-EE103C729D30}.Release|Any CPU.Deploy.0 = Release|Any CPU
		{E2CBCDB3-057F-4E33-AB61-06DE3DC9AD6B}.Debug|Any CPU.ActiveCfg = Debug|Any CPU
		{E2CBCDB3-057F-4E33-AB61-06DE3DC9AD6B}.Debug|Any CPU.Build.0 = Debug|Any CPU
		{E2CBCDB3-057F-4E33-AB61-06DE3DC9AD6B}.Release|Any CPU.ActiveCfg = Release|Any CPU
		{E2CBCDB3-057F-4E33-AB61-06DE3DC9AD6B}.Release|Any CPU.Build.0 = Release|Any CPU
		{E2A762BF-C553-4A6F-976C-00DAC114C7AD}.Debug|Any CPU.ActiveCfg = Debug|Any CPU
		{E2A762BF-C553-4A6F-976C-00DAC114C7AD}.Debug|Any CPU.Build.0 = Debug|Any CPU
		{E2A762BF-C553-4A6F-976C-00DAC114C7AD}.Release|Any CPU.ActiveCfg = Release|Any CPU
		{E2A762BF-C553-4A6F-976C-00DAC114C7AD}.Release|Any CPU.Build.0 = Release|Any CPU
		{656FA912-1294-4CDC-B168-DFDEE8BBC4A2}.Debug|Any CPU.ActiveCfg = Debug|Any CPU
		{656FA912-1294-4CDC-B168-DFDEE8BBC4A2}.Debug|Any CPU.Build.0 = Debug|Any CPU
		{656FA912-1294-4CDC-B168-DFDEE8BBC4A2}.Release|Any CPU.ActiveCfg = Release|Any CPU
		{656FA912-1294-4CDC-B168-DFDEE8BBC4A2}.Release|Any CPU.Build.0 = Release|Any CPU
		{02FF7FE8-9CFB-4033-ABEF-63D525367C90}.Debug|Any CPU.ActiveCfg = Debug|Any CPU
		{02FF7FE8-9CFB-4033-ABEF-63D525367C90}.Debug|Any CPU.Build.0 = Debug|Any CPU
		{02FF7FE8-9CFB-4033-ABEF-63D525367C90}.Release|Any CPU.ActiveCfg = Release|Any CPU
		{02FF7FE8-9CFB-4033-ABEF-63D525367C90}.Release|Any CPU.Build.0 = Release|Any CPU
		{2F8DF2C5-715A-4E2A-990C-365B2A200109}.Debug|Any CPU.ActiveCfg = Debug|Any CPU
		{2F8DF2C5-715A-4E2A-990C-365B2A200109}.Debug|Any CPU.Build.0 = Debug|Any CPU
		{2F8DF2C5-715A-4E2A-990C-365B2A200109}.Release|Any CPU.ActiveCfg = Release|Any CPU
		{2F8DF2C5-715A-4E2A-990C-365B2A200109}.Release|Any CPU.Build.0 = Release|Any CPU
		{8ACD643E-D2F5-4F32-A636-661F32B7C372}.Debug|Any CPU.ActiveCfg = Debug|Any CPU
		{8ACD643E-D2F5-4F32-A636-661F32B7C372}.Debug|Any CPU.Build.0 = Debug|Any CPU
		{8ACD643E-D2F5-4F32-A636-661F32B7C372}.Release|Any CPU.ActiveCfg = Release|Any CPU
		{8ACD643E-D2F5-4F32-A636-661F32B7C372}.Release|Any CPU.Build.0 = Release|Any CPU
	EndGlobalSection
	GlobalSection(SolutionProperties) = preSolution
		HideSolutionNode = FALSE
	EndGlobalSection
	GlobalSection(NestedProjects) = preSolution
		{49E65103-3495-423B-A350-622B8F9DFAAA} = {0CE793D9-A8DA-4C4A-9CC3-E3F9A6D0977F}
		{2448BC22-A90C-4AE2-8937-EE103C729D30} = {69A14B14-E35B-4520-8532-5946716D2C10}
		{E2CBCDB3-057F-4E33-AB61-06DE3DC9AD6B} = {2C83EBBE-72BC-4D91-AC21-5B2054DB965B}
		{E2A762BF-C553-4A6F-976C-00DAC114C7AD} = {2C83EBBE-72BC-4D91-AC21-5B2054DB965B}
		{656FA912-1294-4CDC-B168-DFDEE8BBC4A2} = {2C83EBBE-72BC-4D91-AC21-5B2054DB965B}
		{02FF7FE8-9CFB-4033-ABEF-63D525367C90} = {DFE62748-DE24-4255-931E-1AACA61C4271}
		{2F8DF2C5-715A-4E2A-990C-365B2A200109} = {DFE62748-DE24-4255-931E-1AACA61C4271}
		{8ACD643E-D2F5-4F32-A636-661F32B7C372} = {DFE62748-DE24-4255-931E-1AACA61C4271}
	EndGlobalSection
	GlobalSection(ExtensibilityGlobals) = postSolution
		SolutionGuid = {D6483BF1-EBFD-4B91-B69E-FE3B09C3F11C}
	EndGlobalSection
EndGlobal
